
Microsoft Visual Studio Solution File, Format Version 12.00
# Visual Studio Version 17
VisualStudioVersion = 17.10.34928.147
MinimumVisualStudioVersion = 10.0.40219.1
Project("{FAE04EC0-301F-11D3-BF4B-00C04F79EFBC}") = "ex5-valor-peca", "ex5-valor-peca.csproj", "{45CEA04B-8B5A-4CDF-ADDA-F12137D74F00}"
EndProject
Global
	GlobalSection(SolutionConfigurationPlatforms) = preSolution
		Debug|Any CPU = Debug|Any CPU
		Release|Any CPU = Release|Any CPU
	EndGlobalSection
	GlobalSection(ProjectConfigurationPlatforms) = postSolution
		{45CEA04B-8B5A-4CDF-ADDA-F12137D74F00}.Debug|Any CPU.ActiveCfg = Debug|Any CPU
		{45CEA04B-8B5A-4CDF-ADDA-F12137D74F00}.Debug|Any CPU.Build.0 = Debug|Any CPU
		{45CEA04B-8B5A-4CDF-ADDA-F12137D74F00}.Release|Any CPU.ActiveCfg = Release|Any CPU
		{45CEA04B-8B5A-4CDF-ADDA-F12137D74F00}.Release|Any CPU.Build.0 = Release|Any CPU
	EndGlobalSection
	GlobalSection(SolutionProperties) = preSolution
		HideSolutionNode = FALSE
	EndGlobalSection
	GlobalSection(ExtensibilityGlobals) = postSolution
		SolutionGuid = {FF609397-8ED6-4332-9A2C-ECD08EC30315}
	EndGlobalSection
EndGlobal
