
Microsoft Visual Studio Solution File, Format Version 12.00
# Visual Studio Version 17
VisualStudioVersion = 17.10.34928.147
MinimumVisualStudioVersion = 10.0.40219.1
Project("{FAE04EC0-301F-11D3-BF4B-00C04F79EFBC}") = "ex4-salario", "ex4-salario.csproj", "{AC28FF1C-1A04-4A32-B57B-7FC490BF0B06}"
EndProject
Global
	GlobalSection(SolutionConfigurationPlatforms) = preSolution
		Debug|Any CPU = Debug|Any CPU
		Release|Any CPU = Release|Any CPU
	EndGlobalSection
	GlobalSection(ProjectConfigurationPlatforms) = postSolution
		{AC28FF1C-1A04-4A32-B57B-7FC490BF0B06}.Debug|Any CPU.ActiveCfg = Debug|Any CPU
		{AC28FF1C-1A04-4A32-B57B-7FC490BF0B06}.Debug|Any CPU.Build.0 = Debug|Any CPU
		{AC28FF1C-1A04-4A32-B57B-7FC490BF0B06}.Release|Any CPU.ActiveCfg = Release|Any CPU
		{AC28FF1C-1A04-4A32-B57B-7FC490BF0B06}.Release|Any CPU.Build.0 = Release|Any CPU
	EndGlobalSection
	GlobalSection(SolutionProperties) = preSolution
		HideSolutionNode = FALSE
	EndGlobalSection
	GlobalSection(ExtensibilityGlobals) = postSolution
		SolutionGuid = {19F6BC1B-EF06-451D-8132-4B19AC67CE68}
	EndGlobalSection
EndGlobal
