
Microsoft Visual Studio Solution File, Format Version 12.00
# Visual Studio Version 17
VisualStudioVersion = 17.10.34928.147
MinimumVisualStudioVersion = 10.0.40219.1
Project("{FAE04EC0-301F-11D3-BF4B-00C04F79EFBC}") = "ex2-numero-par", "ex2-numero-par.csproj", "{5D9BFF49-5B2C-4BF4-A238-85318F90FDB1}"
EndProject
Global
	GlobalSection(SolutionConfigurationPlatforms) = preSolution
		Debug|Any CPU = Debug|Any CPU
		Release|Any CPU = Release|Any CPU
	EndGlobalSection
	GlobalSection(ProjectConfigurationPlatforms) = postSolution
		{5D9BFF49-5B2C-4BF4-A238-85318F90FDB1}.Debug|Any CPU.ActiveCfg = Debug|Any CPU
		{5D9BFF49-5B2C-4BF4-A238-85318F90FDB1}.Debug|Any CPU.Build.0 = Debug|Any CPU
		{5D9BFF49-5B2C-4BF4-A238-85318F90FDB1}.Release|Any CPU.ActiveCfg = Release|Any CPU
		{5D9BFF49-5B2C-4BF4-A238-85318F90FDB1}.Release|Any CPU.Build.0 = Release|Any CPU
	EndGlobalSection
	GlobalSection(SolutionProperties) = preSolution
		HideSolutionNode = FALSE
	EndGlobalSection
	GlobalSection(ExtensibilityGlobals) = postSolution
		SolutionGuid = {929789F3-06A4-43D3-AC06-CD482A9C9F0C}
	EndGlobalSection
EndGlobal
