
Microsoft Visual Studio Solution File, Format Version 12.00
# Visual Studio Version 17
VisualStudioVersion = 17.9.34728.123
MinimumVisualStudioVersion = 10.0.40219.1
Project("{FAE04EC0-301F-11D3-BF4B-00C04F79EFBC}") = "PrimeiroProjeto", "PrimeiroProjeto.csproj", "{4E07B2DD-E2B7-4C97-94B0-15804ABF766F}"
EndProject
Global
	GlobalSection(SolutionConfigurationPlatforms) = preSolution
		Debug|Any CPU = Debug|Any CPU
		Release|Any CPU = Release|Any CPU
	EndGlobalSection
	GlobalSection(ProjectConfigurationPlatforms) = postSolution
		{4E07B2DD-E2B7-4C97-94B0-15804ABF766F}.Debug|Any CPU.ActiveCfg = Debug|Any CPU
		{4E07B2DD-E2B7-4C97-94B0-15804ABF766F}.Debug|Any CPU.Build.0 = Debug|Any CPU
		{4E07B2DD-E2B7-4C97-94B0-15804ABF766F}.Release|Any CPU.ActiveCfg = Release|Any CPU
		{4E07B2DD-E2B7-4C97-94B0-15804ABF766F}.Release|Any CPU.Build.0 = Release|Any CPU
	EndGlobalSection
	GlobalSection(SolutionProperties) = preSolution
		HideSolutionNode = FALSE
	EndGlobalSection
	GlobalSection(ExtensibilityGlobals) = postSolution
		SolutionGuid = {DDD720F4-7172-4040-97DE-CB5D0A147C3B}
	EndGlobalSection
EndGlobal
