
Microsoft Visual Studio Solution File, Format Version 12.00
# Visual Studio Version 17
VisualStudioVersion = 17.10.34928.147
MinimumVisualStudioVersion = 10.0.40219.1
Project("{FAE04EC0-301F-11D3-BF4B-00C04F79EFBC}") = "ex2-intervalo", "ex2-intervalo.csproj", "{B888F5BC-216D-4E97-98B8-8E92076115FD}"
EndProject
Global
	GlobalSection(SolutionConfigurationPlatforms) = preSolution
		Debug|Any CPU = Debug|Any CPU
		Release|Any CPU = Release|Any CPU
	EndGlobalSection
	GlobalSection(ProjectConfigurationPlatforms) = postSolution
		{B888F5BC-216D-4E97-98B8-8E92076115FD}.Debug|Any CPU.ActiveCfg = Debug|Any CPU
		{B888F5BC-216D-4E97-98B8-8E92076115FD}.Debug|Any CPU.Build.0 = Debug|Any CPU
		{B888F5BC-216D-4E97-98B8-8E92076115FD}.Release|Any CPU.ActiveCfg = Release|Any CPU
		{B888F5BC-216D-4E97-98B8-8E92076115FD}.Release|Any CPU.Build.0 = Release|Any CPU
	EndGlobalSection
	GlobalSection(SolutionProperties) = preSolution
		HideSolutionNode = FALSE
	EndGlobalSection
	GlobalSection(ExtensibilityGlobals) = postSolution
		SolutionGuid = {4D066057-9F22-43C5-858D-ED62C423B849}
	EndGlobalSection
EndGlobal
