
Microsoft Visual Studio Solution File, Format Version 12.00
# Visual Studio Version 17
VisualStudioVersion = 17.10.34928.147
MinimumVisualStudioVersion = 10.0.40219.1
Project("{FAE04EC0-301F-11D3-BF4B-00C04F79EFBC}") = "ex1-numero-negativo", "ex1-numero-negativo.csproj", "{ED7C954A-32E9-417A-B544-0EF6426E0182}"
EndProject
Global
	GlobalSection(SolutionConfigurationPlatforms) = preSolution
		Debug|Any CPU = Debug|Any CPU
		Release|Any CPU = Release|Any CPU
	EndGlobalSection
	GlobalSection(ProjectConfigurationPlatforms) = postSolution
		{ED7C954A-32E9-417A-B544-0EF6426E0182}.Debug|Any CPU.ActiveCfg = Debug|Any CPU
		{ED7C954A-32E9-417A-B544-0EF6426E0182}.Debug|Any CPU.Build.0 = Debug|Any CPU
		{ED7C954A-32E9-417A-B544-0EF6426E0182}.Release|Any CPU.ActiveCfg = Release|Any CPU
		{ED7C954A-32E9-417A-B544-0EF6426E0182}.Release|Any CPU.Build.0 = Release|Any CPU
	EndGlobalSection
	GlobalSection(SolutionProperties) = preSolution
		HideSolutionNode = FALSE
	EndGlobalSection
	GlobalSection(ExtensibilityGlobals) = postSolution
		SolutionGuid = {15C67B37-4DEE-41BB-818F-BB2F44F3C924}
	EndGlobalSection
EndGlobal
